
Microsoft Visual Studio Solution File, Format Version 12.00
# Visual Studio Version 16
VisualStudioVersion = 16.0.29306.81
MinimumVisualStudioVersion = 10.0.40219.1
Project("{9A19103F-16F7-4668-BE54-9A1E7A4F7556}") = "AwesomeSauceCompanyLtd", "AwesomeSauceCompanyLtd\AwesomeSauceCompanyLtd.csproj", "{3BD8782B-8D88-402D-AB93-9AAC617C2961}"
EndProject
Project("{9A19103F-16F7-4668-BE54-9A1E7A4F7556}") = "EnterpriseEmployeeManagementInc", "EnterpriseEmployeeManagementInc\EnterpriseEmployeeManagementInc.csproj", "{10D4B80A-B606-4618-AC4F-0C5A8192DE47}"
EndProject
Project("{9A19103F-16F7-4668-BE54-9A1E7A4F7556}") = "EvilHaxxorSite", "EvilHaxxorSite\EvilHaxxorSite.csproj", "{BBB5AF82-8341-4DFC-8CAE-44DB911BB737}"
EndProject
Project("{9A19103F-16F7-4668-BE54-9A1E7A4F7556}") = "RequestDiagnostics", "RequestDiagnostics\RequestDiagnostics.csproj", "{247CA974-ED09-405E-A548-51223ED5F7ED}"
EndProject
Global
	GlobalSection(SolutionConfigurationPlatforms) = preSolution
		Debug|Any CPU = Debug|Any CPU
		Release|Any CPU = Release|Any CPU
	EndGlobalSection
	GlobalSection(ProjectConfigurationPlatforms) = postSolution
		{3BD8782B-8D88-402D-AB93-9AAC617C2961}.Debug|Any CPU.ActiveCfg = Debug|Any CPU
		{3BD8782B-8D88-402D-AB93-9AAC617C2961}.Debug|Any CPU.Build.0 = Debug|Any CPU
		{3BD8782B-8D88-402D-AB93-9AAC617C2961}.Release|Any CPU.ActiveCfg = Release|Any CPU
		{3BD8782B-8D88-402D-AB93-9AAC617C2961}.Release|Any CPU.Build.0 = Release|Any CPU
		{10D4B80A-B606-4618-AC4F-0C5A8192DE47}.Debug|Any CPU.ActiveCfg = Debug|Any CPU
		{10D4B80A-B606-4618-AC4F-0C5A8192DE47}.Debug|Any CPU.Build.0 = Debug|Any CPU
		{10D4B80A-B606-4618-AC4F-0C5A8192DE47}.Release|Any CPU.ActiveCfg = Release|Any CPU
		{10D4B80A-B606-4618-AC4F-0C5A8192DE47}.Release|Any CPU.Build.0 = Release|Any CPU
		{BBB5AF82-8341-4DFC-8CAE-44DB911BB737}.Debug|Any CPU.ActiveCfg = Debug|Any CPU
		{BBB5AF82-8341-4DFC-8CAE-44DB911BB737}.Debug|Any CPU.Build.0 = Debug|Any CPU
		{BBB5AF82-8341-4DFC-8CAE-44DB911BB737}.Release|Any CPU.ActiveCfg = Release|Any CPU
		{BBB5AF82-8341-4DFC-8CAE-44DB911BB737}.Release|Any CPU.Build.0 = Release|Any CPU
		{247CA974-ED09-405E-A548-51223ED5F7ED}.Debug|Any CPU.ActiveCfg = Debug|Any CPU
		{247CA974-ED09-405E-A548-51223ED5F7ED}.Debug|Any CPU.Build.0 = Debug|Any CPU
		{247CA974-ED09-405E-A548-51223ED5F7ED}.Release|Any CPU.ActiveCfg = Release|Any CPU
		{247CA974-ED09-405E-A548-51223ED5F7ED}.Release|Any CPU.Build.0 = Release|Any CPU
	EndGlobalSection
	GlobalSection(SolutionProperties) = preSolution
		HideSolutionNode = FALSE
	EndGlobalSection
	GlobalSection(ExtensibilityGlobals) = postSolution
		SolutionGuid = {ECB1107E-5679-45E2-9354-6AC6D2866CD6}
	EndGlobalSection
EndGlobal
